
Microsoft Visual Studio Solution File, Format Version 12.00
# Visual Studio 14
VisualStudioVersion = 14.0.25420.1
MinimumVisualStudioVersion = 10.0.40219.1
Project("{FAE04EC0-301F-11D3-BF4B-00C04F79EFBC}") = "BookLogger.API", "BookLogger.API\BookLogger.API.csproj", "{DD10D755-96FB-4C6F-9D95-CAFFEB5D6EFF}"
EndProject
Project("{E24C65DC-7377-472B-9ABA-BC803B73C61A}") = "BookLogger.Client(2)", "BookLogger.Client\", "{CC5B3429-D78C-4EE6-ADA5-237CA27C488C}"
	ProjectSection(WebsiteProperties) = preProject
		TargetFrameworkMoniker = ".NETFramework,Version%3Dv4.5.2"
		Debug.AspNetCompiler.VirtualPath = "/localhost_54863"
		Debug.AspNetCompiler.PhysicalPath = "BookLogger.Client\"
		Debug.AspNetCompiler.TargetPath = "PrecompiledWeb\localhost_54863\"
		Debug.AspNetCompiler.Updateable = "true"
		Debug.AspNetCompiler.ForceOverwrite = "true"
		Debug.AspNetCompiler.FixedNames = "false"
		Debug.AspNetCompiler.Debug = "True"
		Release.AspNetCompiler.VirtualPath = "/localhost_54863"
		Release.AspNetCompiler.PhysicalPath = "BookLogger.Client\"
		Release.AspNetCompiler.TargetPath = "PrecompiledWeb\localhost_54863\"
		Release.AspNetCompiler.Updateable = "true"
		Release.AspNetCompiler.ForceOverwrite = "true"
		Release.AspNetCompiler.FixedNames = "false"
		Release.AspNetCompiler.Debug = "False"
		VWDPort = "54863"
		SlnRelativePath = "BookLogger.Client\"
		DefaultWebSiteLanguage = "Visual C#"
	EndProjectSection
EndProject
Global
	GlobalSection(SolutionConfigurationPlatforms) = preSolution
		Debug|Any CPU = Debug|Any CPU
		Release|Any CPU = Release|Any CPU
	EndGlobalSection
	GlobalSection(ProjectConfigurationPlatforms) = postSolution
		{DD10D755-96FB-4C6F-9D95-CAFFEB5D6EFF}.Debug|Any CPU.ActiveCfg = Debug|Any CPU
		{DD10D755-96FB-4C6F-9D95-CAFFEB5D6EFF}.Debug|Any CPU.Build.0 = Debug|Any CPU
		{DD10D755-96FB-4C6F-9D95-CAFFEB5D6EFF}.Release|Any CPU.ActiveCfg = Release|Any CPU
		{DD10D755-96FB-4C6F-9D95-CAFFEB5D6EFF}.Release|Any CPU.Build.0 = Release|Any CPU
		{CC5B3429-D78C-4EE6-ADA5-237CA27C488C}.Debug|Any CPU.ActiveCfg = Debug|Any CPU
		{CC5B3429-D78C-4EE6-ADA5-237CA27C488C}.Debug|Any CPU.Build.0 = Debug|Any CPU
		{CC5B3429-D78C-4EE6-ADA5-237CA27C488C}.Release|Any CPU.ActiveCfg = Debug|Any CPU
		{CC5B3429-D78C-4EE6-ADA5-237CA27C488C}.Release|Any CPU.Build.0 = Debug|Any CPU
	EndGlobalSection
	GlobalSection(SolutionProperties) = preSolution
		HideSolutionNode = FALSE
	EndGlobalSection
EndGlobal
